PODS:
  - ScrollStack (0.1.2):
    - SnapKit (= 4.2.0)
  - SnapKit (4.2.0)

DEPENDENCIES:
  - ScrollStack (from `../`)
  - SnapKit (= 4.2.0)

SPEC REPOS:
  https://github.com/cocoapods/specs.git:
    - SnapKit

EXTERNAL SOURCES:
  ScrollStack:
    :path: "../"

SPEC CHECKSUMS:
  ScrollStack: 25c2ec54afbb04808182e231c165a7f001d4ebf2
  SnapKit: fe8a619752f3f27075cc9a90244d75c6c3f27e2a

PODFILE CHECKSUM: 1b11cde7570da91fc460ae18c2da46b031e3e44b

COCOAPODS: 1.5.3
